GEM
  specs:
    addressable (2.8.8)
      public_suffix (>= 2.0.2, < 8.0)
    bigdecimal (4.0.1)
    json-schema (6.1.0)
      addressable (~> 2.8)
      bigdecimal (>= 3.1, < 5)
    json_rpc_handler (0.1.1)
    mcp (0.4.0)
      json-schema (>= 4.1)
      json_rpc_handler (~> 0.1)
    public_suffix (7.0.2)

PLATFORMS
  arm64-darwin-24
  ruby
  x86_64-linux

DEPENDENCIES
  mcp (= 0.4.0)

CHECKSUMS
  addressable (2.8.8)
  bigdecimal (4.0.1)
  json-schema (6.1.0)
  json_rpc_handler (0.1.1)
  mcp (0.4.0)
  public_suffix (7.0.2)

BUNDLED WITH
  4.0.3
